
Microsoft Visual Studio Solution File, Format Version 12.00
# Visual Studio Version 17
VisualStudioVersion = 17.0.31903.59
MinimumVisualStudioVersion = 10.0.40219.1
Project("{9A19103F-16F7-4668-BE54-9A1E7A4F7556}") = "StorePractice", "StorePractice\StorePractice.csproj", "{53345F68-F263-43F5-B466-CB41EA869C26}"
EndProject
Global
	GlobalSection(SolutionConfigurationPlatforms) = preSolution
		Debug|Any CPU = Debug|Any CPU
		Release|Any CPU = Release|Any CPU
	EndGlobalSection
	GlobalSection(ProjectConfigurationPlatforms) = postSolution
		{53345F68-F263-43F5-B466-CB41EA869C26}.Debug|Any CPU.ActiveCfg = Debug|Any CPU
		{53345F68-F263-43F5-B466-CB41EA869C26}.Debug|Any CPU.Build.0 = Debug|Any CPU
		{53345F68-F263-43F5-B466-CB41EA869C26}.Release|Any CPU.ActiveCfg = Release|Any CPU
		{53345F68-F263-43F5-B466-CB41EA869C26}.Release|Any CPU.Build.0 = Release|Any CPU
	EndGlobalSection
	GlobalSection(SolutionProperties) = preSolution
		HideSolutionNode = FALSE
	EndGlobalSection
	GlobalSection(ExtensibilityGlobals) = postSolution
		SolutionGuid = {3A9E1E6A-B615-43ED-8A2F-FDF2F2BE925A}
	EndGlobalSection
EndGlobal
